
Microsoft Visual Studio Solution File, Format Version 12.00
# Visual Studio Version 16
VisualStudioVersion = 16.0.32228.343
MinimumVisualStudioVersion = 10.0.40219.1
Project("{FAE04EC0-301F-11D3-BF4B-00C04F79EFBC}") = "Course", "Course\Course.csproj", "{0EA3BDBF-D439-43BF-9469-AB3EC5C1AF68}"
EndProject
Global
	GlobalSection(SolutionConfigurationPlatforms) = preSolution
		Debug|Any CPU = Debug|Any CPU
		Release|Any CPU = Release|Any CPU
	EndGlobalSection
	GlobalSection(ProjectConfigurationPlatforms) = postSolution
		{0EA3BDBF-D439-43BF-9469-AB3EC5C1AF68}.Debug|Any CPU.ActiveCfg = Debug|Any CPU
		{0EA3BDBF-D439-43BF-9469-AB3EC5C1AF68}.Debug|Any CPU.Build.0 = Debug|Any CPU
		{0EA3BDBF-D439-43BF-9469-AB3EC5C1AF68}.Release|Any CPU.ActiveCfg = Release|Any CPU
		{0EA3BDBF-D439-43BF-9469-AB3EC5C1AF68}.Release|Any CPU.Build.0 = Release|Any CPU
	EndGlobalSection
	GlobalSection(SolutionProperties) = preSolution
		HideSolutionNode = FALSE
	EndGlobalSection
	GlobalSection(ExtensibilityGlobals) = postSolution
		SolutionGuid = {54C960A6-1172-42D8-99C1-52EAF855AA76}
	EndGlobalSection
EndGlobal
