
Microsoft Visual Studio Solution File, Format Version 12.00
# Visual Studio Version 16
VisualStudioVersion = 16.0.32802.440
MinimumVisualStudioVersion = 10.0.40219.1
Project("{FAE04EC0-301F-11D3-BF4B-00C04F79EFBC}") = "Curso", "Curso\Curso.csproj", "{243A10A7-E4E3-4249-91DE-813853CEDEF1}"
EndProject
Global
	GlobalSection(SolutionConfigurationPlatforms) = preSolution
		Debug|Any CPU = Debug|Any CPU
		Release|Any CPU = Release|Any CPU
	EndGlobalSection
	GlobalSection(ProjectConfigurationPlatforms) = postSolution
		{243A10A7-E4E3-4249-91DE-813853CEDEF1}.Debug|Any CPU.ActiveCfg = Debug|Any CPU
		{243A10A7-E4E3-4249-91DE-813853CEDEF1}.Debug|Any CPU.Build.0 = Debug|Any CPU
		{243A10A7-E4E3-4249-91DE-813853CEDEF1}.Release|Any CPU.ActiveCfg = Release|Any CPU
		{243A10A7-E4E3-4249-91DE-813853CEDEF1}.Release|Any CPU.Build.0 = Release|Any CPU
	EndGlobalSection
	GlobalSection(SolutionProperties) = preSolution
		HideSolutionNode = FALSE
	EndGlobalSection
	GlobalSection(ExtensibilityGlobals) = postSolution
		SolutionGuid = {F14CFCDA-8C94-44EA-A068-4F7EDAECB91D}
	EndGlobalSection
EndGlobal
