
Microsoft Visual Studio Solution File, Format Version 12.00
# Visual Studio Version 16
VisualStudioVersion = 16.0.32228.343
MinimumVisualStudioVersion = 10.0.40219.1
Project("{FAE04EC0-301F-11D3-BF4B-00C04F79EFBC}") = "Course", "Course\Course.csproj", "{2C712457-14F2-40AF-9A7F-688CC49860BE}"
EndProject
Global
	GlobalSection(SolutionConfigurationPlatforms) = preSolution
		Debug|Any CPU = Debug|Any CPU
		Release|Any CPU = Release|Any CPU
	EndGlobalSection
	GlobalSection(ProjectConfigurationPlatforms) = postSolution
		{2C712457-14F2-40AF-9A7F-688CC49860BE}.Debug|Any CPU.ActiveCfg = Debug|Any CPU
		{2C712457-14F2-40AF-9A7F-688CC49860BE}.Debug|Any CPU.Build.0 = Debug|Any CPU
		{2C712457-14F2-40AF-9A7F-688CC49860BE}.Release|Any CPU.ActiveCfg = Release|Any CPU
		{2C712457-14F2-40AF-9A7F-688CC49860BE}.Release|Any CPU.Build.0 = Release|Any CPU
	EndGlobalSection
	GlobalSection(SolutionProperties) = preSolution
		HideSolutionNode = FALSE
	EndGlobalSection
	GlobalSection(ExtensibilityGlobals) = postSolution
		SolutionGuid = {34CB0E18-FEA4-46A9-95B9-25AD63A29EE3}
	EndGlobalSection
EndGlobal
