
Microsoft Visual Studio Solution File, Format Version 12.00
# Visual Studio Version 16
VisualStudioVersion = 16.0.32228.343
MinimumVisualStudioVersion = 10.0.40219.1
Project("{FAE04EC0-301F-11D3-BF4B-00C04F79EFBC}") = "Curso", "Curso\Curso.csproj", "{C20F3C98-2EF5-46DF-87A3-392C527BBA06}"
EndProject
Global
	GlobalSection(SolutionConfigurationPlatforms) = preSolution
		Debug|Any CPU = Debug|Any CPU
		Release|Any CPU = Release|Any CPU
	EndGlobalSection
	GlobalSection(ProjectConfigurationPlatforms) = postSolution
		{C20F3C98-2EF5-46DF-87A3-392C527BBA06}.Debug|Any CPU.ActiveCfg = Debug|Any CPU
		{C20F3C98-2EF5-46DF-87A3-392C527BBA06}.Debug|Any CPU.Build.0 = Debug|Any CPU
		{C20F3C98-2EF5-46DF-87A3-392C527BBA06}.Release|Any CPU.ActiveCfg = Release|Any CPU
		{C20F3C98-2EF5-46DF-87A3-392C527BBA06}.Release|Any CPU.Build.0 = Release|Any CPU
	EndGlobalSection
	GlobalSection(SolutionProperties) = preSolution
		HideSolutionNode = FALSE
	EndGlobalSection
	GlobalSection(ExtensibilityGlobals) = postSolution
		SolutionGuid = {3461A4EC-993D-49C3-BB54-AC9134D9FBC5}
	EndGlobalSection
EndGlobal
