
Microsoft Visual Studio Solution File, Format Version 12.00
# Visual Studio Version 16
VisualStudioVersion = 16.0.32228.343
MinimumVisualStudioVersion = 10.0.40219.1
Project("{FAE04EC0-301F-11D3-BF4B-00C04F79EFBC}") = "Exercicio03", "Exercicio03\Exercicio03.csproj", "{3868D514-0108-4D42-97EE-29BC39026F9F}"
EndProject
Global
	GlobalSection(SolutionConfigurationPlatforms) = preSolution
		Debug|Any CPU = Debug|Any CPU
		Release|Any CPU = Release|Any CPU
	EndGlobalSection
	GlobalSection(ProjectConfigurationPlatforms) = postSolution
		{3868D514-0108-4D42-97EE-29BC39026F9F}.Debug|Any CPU.ActiveCfg = Debug|Any CPU
		{3868D514-0108-4D42-97EE-29BC39026F9F}.Debug|Any CPU.Build.0 = Debug|Any CPU
		{3868D514-0108-4D42-97EE-29BC39026F9F}.Release|Any CPU.ActiveCfg = Release|Any CPU
		{3868D514-0108-4D42-97EE-29BC39026F9F}.Release|Any CPU.Build.0 = Release|Any CPU
	EndGlobalSection
	GlobalSection(SolutionProperties) = preSolution
		HideSolutionNode = FALSE
	EndGlobalSection
	GlobalSection(ExtensibilityGlobals) = postSolution
		SolutionGuid = {5371E0E4-6A5E-4109-9F83-F8C4DC8664CA}
	EndGlobalSection
EndGlobal
