
Microsoft Visual Studio Solution File, Format Version 12.00
# Visual Studio Version 16
VisualStudioVersion = 16.0.32228.343
MinimumVisualStudioVersion = 10.0.40219.1
Project("{FAE04EC0-301F-11D3-BF4B-00C04F79EFBC}") = "Course", "Course\Course.csproj", "{2DE77A4E-A705-4021-822B-81F7BE4B2DA8}"
EndProject
Global
	GlobalSection(SolutionConfigurationPlatforms) = preSolution
		Debug|Any CPU = Debug|Any CPU
		Release|Any CPU = Release|Any CPU
	EndGlobalSection
	GlobalSection(ProjectConfigurationPlatforms) = postSolution
		{2DE77A4E-A705-4021-822B-81F7BE4B2DA8}.Debug|Any CPU.ActiveCfg = Debug|Any CPU
		{2DE77A4E-A705-4021-822B-81F7BE4B2DA8}.Debug|Any CPU.Build.0 = Debug|Any CPU
		{2DE77A4E-A705-4021-822B-81F7BE4B2DA8}.Release|Any CPU.ActiveCfg = Release|Any CPU
		{2DE77A4E-A705-4021-822B-81F7BE4B2DA8}.Release|Any CPU.Build.0 = Release|Any CPU
	EndGlobalSection
	GlobalSection(SolutionProperties) = preSolution
		HideSolutionNode = FALSE
	EndGlobalSection
	GlobalSection(ExtensibilityGlobals) = postSolution
		SolutionGuid = {E8F54543-BD02-4E73-A990-3E78E2EFF37D}
	EndGlobalSection
EndGlobal
