
Microsoft Visual Studio Solution File, Format Version 12.00
# Visual Studio Version 16
VisualStudioVersion = 16.0.32228.343
MinimumVisualStudioVersion = 10.0.40219.1
Project("{FAE04EC0-301F-11D3-BF4B-00C04F79EFBC}") = "Curso", "Curso\Curso.csproj", "{FCC35606-E2FA-44E1-AE22-CC0DF43CAC10}"
EndProject
Global
	GlobalSection(SolutionConfigurationPlatforms) = preSolution
		Debug|Any CPU = Debug|Any CPU
		Release|Any CPU = Release|Any CPU
	EndGlobalSection
	GlobalSection(ProjectConfigurationPlatforms) = postSolution
		{FCC35606-E2FA-44E1-AE22-CC0DF43CAC10}.Debug|Any CPU.ActiveCfg = Debug|Any CPU
		{FCC35606-E2FA-44E1-AE22-CC0DF43CAC10}.Debug|Any CPU.Build.0 = Debug|Any CPU
		{FCC35606-E2FA-44E1-AE22-CC0DF43CAC10}.Release|Any CPU.ActiveCfg = Release|Any CPU
		{FCC35606-E2FA-44E1-AE22-CC0DF43CAC10}.Release|Any CPU.Build.0 = Release|Any CPU
	EndGlobalSection
	GlobalSection(SolutionProperties) = preSolution
		HideSolutionNode = FALSE
	EndGlobalSection
	GlobalSection(ExtensibilityGlobals) = postSolution
		SolutionGuid = {FFDC61A0-D295-466F-B1D1-D6D7CAEA7470}
	EndGlobalSection
EndGlobal
