
Microsoft Visual Studio Solution File, Format Version 12.00
# Visual Studio Version 16
VisualStudioVersion = 16.0.32228.343
MinimumVisualStudioVersion = 10.0.40219.1
Project("{FAE04EC0-301F-11D3-BF4B-00C04F79EFBC}") = "Curso", "Curso\Curso.csproj", "{3C142F25-1303-45E6-88F1-305F210D9AD1}"
EndProject
Global
	GlobalSection(SolutionConfigurationPlatforms) = preSolution
		Debug|Any CPU = Debug|Any CPU
		Release|Any CPU = Release|Any CPU
	EndGlobalSection
	GlobalSection(ProjectConfigurationPlatforms) = postSolution
		{3C142F25-1303-45E6-88F1-305F210D9AD1}.Debug|Any CPU.ActiveCfg = Debug|Any CPU
		{3C142F25-1303-45E6-88F1-305F210D9AD1}.Debug|Any CPU.Build.0 = Debug|Any CPU
		{3C142F25-1303-45E6-88F1-305F210D9AD1}.Release|Any CPU.ActiveCfg = Release|Any CPU
		{3C142F25-1303-45E6-88F1-305F210D9AD1}.Release|Any CPU.Build.0 = Release|Any CPU
	EndGlobalSection
	GlobalSection(SolutionProperties) = preSolution
		HideSolutionNode = FALSE
	EndGlobalSection
	GlobalSection(ExtensibilityGlobals) = postSolution
		SolutionGuid = {5D22FA63-ACBA-4F31-9874-19C2F4C6DC0F}
	EndGlobalSection
EndGlobal
