
Microsoft Visual Studio Solution File, Format Version 12.00
# Visual Studio Version 16
VisualStudioVersion = 16.0.32228.343
MinimumVisualStudioVersion = 10.0.40219.1
Project("{FAE04EC0-301F-11D3-BF4B-00C04F79EFBC}") = "Course", "Course\Course.csproj", "{862E5A6D-995C-469E-84A2-9135F24DB63A}"
EndProject
Global
	GlobalSection(SolutionConfigurationPlatforms) = preSolution
		Debug|Any CPU = Debug|Any CPU
		Release|Any CPU = Release|Any CPU
	EndGlobalSection
	GlobalSection(ProjectConfigurationPlatforms) = postSolution
		{862E5A6D-995C-469E-84A2-9135F24DB63A}.Debug|Any CPU.ActiveCfg = Debug|Any CPU
		{862E5A6D-995C-469E-84A2-9135F24DB63A}.Debug|Any CPU.Build.0 = Debug|Any CPU
		{862E5A6D-995C-469E-84A2-9135F24DB63A}.Release|Any CPU.ActiveCfg = Release|Any CPU
		{862E5A6D-995C-469E-84A2-9135F24DB63A}.Release|Any CPU.Build.0 = Release|Any CPU
	EndGlobalSection
	GlobalSection(SolutionProperties) = preSolution
		HideSolutionNode = FALSE
	EndGlobalSection
	GlobalSection(ExtensibilityGlobals) = postSolution
		SolutionGuid = {36141ED0-3CA5-41D8-8D36-1CBBD6DEDE39}
	EndGlobalSection
EndGlobal
