
Microsoft Visual Studio Solution File, Format Version 12.00
# Visual Studio Version 16
VisualStudioVersion = 16.0.32228.343
MinimumVisualStudioVersion = 10.0.40219.1
Project("{FAE04EC0-301F-11D3-BF4B-00C04F79EFBC}") = "Course", "ConsoleApp1\Course.csproj", "{97FAFA71-DD26-4D7D-8662-1656E742220A}"
EndProject
Global
	GlobalSection(SolutionConfigurationPlatforms) = preSolution
		Debug|Any CPU = Debug|Any CPU
		Release|Any CPU = Release|Any CPU
	EndGlobalSection
	GlobalSection(ProjectConfigurationPlatforms) = postSolution
		{97FAFA71-DD26-4D7D-8662-1656E742220A}.Debug|Any CPU.ActiveCfg = Debug|Any CPU
		{97FAFA71-DD26-4D7D-8662-1656E742220A}.Debug|Any CPU.Build.0 = Debug|Any CPU
		{97FAFA71-DD26-4D7D-8662-1656E742220A}.Release|Any CPU.ActiveCfg = Release|Any CPU
		{97FAFA71-DD26-4D7D-8662-1656E742220A}.Release|Any CPU.Build.0 = Release|Any CPU
	EndGlobalSection
	GlobalSection(SolutionProperties) = preSolution
		HideSolutionNode = FALSE
	EndGlobalSection
	GlobalSection(ExtensibilityGlobals) = postSolution
		SolutionGuid = {405F66C8-F0CE-49B4-AE31-42437D98C3F8}
	EndGlobalSection
EndGlobal
