
Microsoft Visual Studio Solution File, Format Version 12.00
# Visual Studio Version 16
VisualStudioVersion = 16.0.32228.343
MinimumVisualStudioVersion = 10.0.40219.1
Project("{FAE04EC0-301F-11D3-BF4B-00C04F79EFBC}") = "ContaCorrente", "ContaCorrente\ContaCorrente.csproj", "{28FD74B7-0C56-4684-A764-2004912412F5}"
EndProject
Global
	GlobalSection(SolutionConfigurationPlatforms) = preSolution
		Debug|Any CPU = Debug|Any CPU
		Release|Any CPU = Release|Any CPU
	EndGlobalSection
	GlobalSection(ProjectConfigurationPlatforms) = postSolution
		{28FD74B7-0C56-4684-A764-2004912412F5}.Debug|Any CPU.ActiveCfg = Debug|Any CPU
		{28FD74B7-0C56-4684-A764-2004912412F5}.Debug|Any CPU.Build.0 = Debug|Any CPU
		{28FD74B7-0C56-4684-A764-2004912412F5}.Release|Any CPU.ActiveCfg = Release|Any CPU
		{28FD74B7-0C56-4684-A764-2004912412F5}.Release|Any CPU.Build.0 = Release|Any CPU
	EndGlobalSection
	GlobalSection(SolutionProperties) = preSolution
		HideSolutionNode = FALSE
	EndGlobalSection
	GlobalSection(ExtensibilityGlobals) = postSolution
		SolutionGuid = {275CC61E-5CF1-4E75-B90D-2B01B1125308}
	EndGlobalSection
EndGlobal
